
Microsoft Visual Studio Solution File, Format Version 12.00
# Visual Studio Version 17
VisualStudioVersion = 17.5.33424.131
MinimumVisualStudioVersion = 10.0.40219.1
Project("{8BC9CEB8-8B4A-11D0-8D11-00A0C91BC942}") = "memberstatic", "memberstatic\memberstatic.vcxproj", "{A8DFF0E8-AF43-4616-8904-1DE2266452BA}"
EndProject
Project("{8BC9CEB8-8B4A-11D0-8D11-00A0C91BC942}") = "mbrstatic_funtion", "mbrstatic_funtion\mbrstatic_funtion.vcxproj", "{965573B8-B45C-4742-BF07-F99A0CF66D47}"
EndProject
Project("{8BC9CEB8-8B4A-11D0-8D11-00A0C91BC942}") = "Konstruktor", "Konstruktor\Konstruktor.vcxproj", "{3F3AB4BC-6E8F-4029-AD62-66461294DE86}"
EndProject
Project("{8BC9CEB8-8B4A-11D0-8D11-00A0C91BC942}") = "Destruktor1", "Destruktor1\Destruktor1.vcxproj", "{84EEC0D6-1E8F-4A8E-8B2C-2F8011A5536C}"
EndProject
Project("{8BC9CEB8-8B4A-11D0-8D11-00A0C91BC942}") = "Chainfunction", "Chainfunction\Chainfunction.vcxproj", "{B3B5DDE0-7EC5-4818-89BF-F9410EE3DA6E}"
EndProject
Global
	GlobalSection(SolutionConfigurationPlatforms) = preSolution
		Debug|x64 = Debug|x64
		Debug|x86 = Debug|x86
		Release|x64 = Release|x64
		Release|x86 = Release|x86
	EndGlobalSection
	GlobalSection(ProjectConfigurationPlatforms) = postSolution
		{A8DFF0E8-AF43-4616-8904-1DE2266452BA}.Debug|x64.ActiveCfg = Debug|x64
		{A8DFF0E8-AF43-4616-8904-1DE2266452BA}.Debug|x64.Build.0 = Debug|x64
		{A8DFF0E8-AF43-4616-8904-1DE2266452BA}.Debug|x86.ActiveCfg = Debug|Win32
		{A8DFF0E8-AF43-4616-8904-1DE2266452BA}.Debug|x86.Build.0 = Debug|Win32
		{A8DFF0E8-AF43-4616-8904-1DE2266452BA}.Release|x64.ActiveCfg = Release|x64
		{A8DFF0E8-AF43-4616-8904-1DE2266452BA}.Release|x64.Build.0 = Release|x64
		{A8DFF0E8-AF43-4616-8904-1DE2266452BA}.Release|x86.ActiveCfg = Release|Win32
		{A8DFF0E8-AF43-4616-8904-1DE2266452BA}.Release|x86.Build.0 = Release|Win32
		{965573B8-B45C-4742-BF07-F99A0CF66D47}.Debug|x64.ActiveCfg = Debug|x64
		{965573B8-B45C-4742-BF07-F99A0CF66D47}.Debug|x64.Build.0 = Debug|x64
		{965573B8-B45C-4742-BF07-F99A0CF66D47}.Debug|x86.ActiveCfg = Debug|Win32
		{965573B8-B45C-4742-BF07-F99A0CF66D47}.Debug|x86.Build.0 = Debug|Win32
		{965573B8-B45C-4742-BF07-F99A0CF66D47}.Release|x64.ActiveCfg = Release|x64
		{965573B8-B45C-4742-BF07-F99A0CF66D47}.Release|x64.Build.0 = Release|x64
		{965573B8-B45C-4742-BF07-F99A0CF66D47}.Release|x86.ActiveCfg = Release|Win32
		{965573B8-B45C-4742-BF07-F99A0CF66D47}.Release|x86.Build.0 = Release|Win32
		{3F3AB4BC-6E8F-4029-AD62-66461294DE86}.Debug|x64.ActiveCfg = Debug|x64
		{3F3AB4BC-6E8F-4029-AD62-66461294DE86}.Debug|x64.Build.0 = Debug|x64
		{3F3AB4BC-6E8F-4029-AD62-66461294DE86}.Debug|x86.ActiveCfg = Debug|Win32
		{3F3AB4BC-6E8F-4029-AD62-66461294DE86}.Debug|x86.Build.0 = Debug|Win32
		{3F3AB4BC-6E8F-4029-AD62-66461294DE86}.Release|x64.ActiveCfg = Release|x64
		{3F3AB4BC-6E8F-4029-AD62-66461294DE86}.Release|x64.Build.0 = Release|x64
		{3F3AB4BC-6E8F-4029-AD62-66461294DE86}.Release|x86.ActiveCfg = Release|Win32
		{3F3AB4BC-6E8F-4029-AD62-66461294DE86}.Release|x86.Build.0 = Release|Win32
		{84EEC0D6-1E8F-4A8E-8B2C-2F8011A5536C}.Debug|x64.ActiveCfg = Debug|x64
		{84EEC0D6-1E8F-4A8E-8B2C-2F8011A5536C}.Debug|x64.Build.0 = Debug|x64
		{84EEC0D6-1E8F-4A8E-8B2C-2F8011A5536C}.Debug|x86.ActiveCfg = Debug|Win32
		{84EEC0D6-1E8F-4A8E-8B2C-2F8011A5536C}.Debug|x86.Build.0 = Debug|Win32
		{84EEC0D6-1E8F-4A8E-8B2C-2F8011A5536C}.Release|x64.ActiveCfg = Release|x64
		{84EEC0D6-1E8F-4A8E-8B2C-2F8011A5536C}.Release|x64.Build.0 = Release|x64
		{84EEC0D6-1E8F-4A8E-8B2C-2F8011A5536C}.Release|x86.ActiveCfg = Release|Win32
		{84EEC0D6-1E8F-4A8E-8B2C-2F8011A5536C}.Release|x86.Build.0 = Release|Win32
		{B3B5DDE0-7EC5-4818-89BF-F9410EE3DA6E}.Debug|x64.ActiveCfg = Debug|x64
		{B3B5DDE0-7EC5-4818-89BF-F9410EE3DA6E}.Debug|x64.Build.0 = Debug|x64
		{B3B5DDE0-7EC5-4818-89BF-F9410EE3DA6E}.Debug|x86.ActiveCfg = Debug|Win32
		{B3B5DDE0-7EC5-4818-89BF-F9410EE3DA6E}.Debug|x86.Build.0 = Debug|Win32
		{B3B5DDE0-7EC5-4818-89BF-F9410EE3DA6E}.Release|x64.ActiveCfg = Release|x64
		{B3B5DDE0-7EC5-4818-89BF-F9410EE3DA6E}.Release|x64.Build.0 = Release|x64
		{B3B5DDE0-7EC5-4818-89BF-F9410EE3DA6E}.Release|x86.ActiveCfg = Release|Win32
		{B3B5DDE0-7EC5-4818-89BF-F9410EE3DA6E}.Release|x86.Build.0 = Release|Win32
	EndGlobalSection
	GlobalSection(SolutionProperties) = preSolution
		HideSolutionNode = FALSE
	EndGlobalSection
	GlobalSection(ExtensibilityGlobals) = postSolution
		SolutionGuid = {E1E2A218-DB81-4779-B788-54898D973835}
	EndGlobalSection
EndGlobal
